<?xml version="1.0" encoding="utf-8"?>
<Project ToolsVersion="4.0" xmlns="http://schemas.microsoft.com/developer/msbuild/2003">
  <ItemGroup>
    <Filter Include="Source Files">
      <UniqueIdentifier>{4FC737F1-C7A5-4376-A066-2A32D752A2FF}</UniqueIdentifier>
      <Extensions>cpp;c;cc;cxx;def;odl;idl;hpj;bat;asm;asmx</Extensions>
    </Filter>
    <Filter Include="Source Files\Overlays">
      <UniqueIdentifier>{08f9152b-46f0-4d1f-8897-302a79378556}</UniqueIdentifier>
    </Filter>
  </ItemGroup>
  <ItemGroup>
    <ClCompile Include="task.cpp">
      <Filter>Source Files</Filter>
    </ClCompile>
    <ClCompile Include="titleScreen.cpp">
      <Filter>Source Files</Filter>
    </ClCompile>
    <ClCompile Include="VDP2.cpp">
      <Filter>Source Files</Filter>
    </ClCompile>
    <ClCompile Include="PDS.cpp">
      <Filter>Source Files</Filter>
    </ClCompile>
    <ClCompile Include="rootTask.cpp">
      <Filter>Source Files</Filter>
    </ClCompile>
    <ClCompile Include="dummy.cpp">
      <Filter>Source Files</Filter>
    </ClCompile>
    <ClCompile Include="o_title.cpp">
      <Filter>Source Files\Overlays</Filter>
    </ClCompile>
  </ItemGroup>
  <ItemGroup>
    <ClInclude Include="PDS.h">
      <Filter>Source Files</Filter>
    </ClInclude>
    <ClInclude Include="task.h">
      <Filter>Source Files</Filter>
    </ClInclude>
    <ClInclude Include="titleScreen.h">
      <Filter>Source Files</Filter>
    </ClInclude>
    <ClInclude Include="VDP2.h">
      <Filter>Source Files</Filter>
    </ClInclude>
    <ClInclude Include="rootTask.h">
      <Filter>Source Files</Filter>
    </ClInclude>
    <ClInclude Include="dummy.h">
      <Filter>Source Files</Filter>
    </ClInclude>
    <ClInclude Include="o_title.h">
      <Filter>Source Files\Overlays</Filter>
    </ClInclude>
  </ItemGroup>
</Project>